
Microsoft Visual Studio Solution File, Format Version 12.00
# Visual Studio 15
VisualStudioVersion = 15.0.28010.2019
MinimumVisualStudioVersion = 10.0.40219.1
Project("{FAE04EC0-301F-11D3-BF4B-00C04F79EFBC}") = "DOCX-to-HTML", "DOCX-to-HTML\DOCX-to-HTML.csproj", "{75793D6B-71EE-48C7-A177-C4CCB6199BC3}"
EndProject
Global
	GlobalSection(SolutionConfigurationPlatforms) = preSolution
		Debug|Any CPU = Debug|Any CPU
		Release|Any CPU = Release|Any CPU
	EndGlobalSection
	GlobalSection(ProjectConfigurationPlatforms) = postSolution
		{75793D6B-71EE-48C7-A177-C4CCB6199BC3}.Debug|Any CPU.ActiveCfg = Debug|Any CPU
		{75793D6B-71EE-48C7-A177-C4CCB6199BC3}.Debug|Any CPU.Build.0 = Debug|Any CPU
		{75793D6B-71EE-48C7-A177-C4CCB6199BC3}.Release|Any CPU.ActiveCfg = Release|Any CPU
		{75793D6B-71EE-48C7-A177-C4CCB6199BC3}.Release|Any CPU.Build.0 = Release|Any CPU
	EndGlobalSection
	GlobalSection(SolutionProperties) = preSolution
		HideSolutionNode = FALSE
	EndGlobalSection
	GlobalSection(ExtensibilityGlobals) = postSolution
		SolutionGuid = {70D27139-F1B8-4A49-8400-9209CEEF762B}
	EndGlobalSection
EndGlobal
